
Microsoft Visual Studio Solution File, Format Version 12.00
# Visual Studio 15
VisualStudioVersion = 15.0.26228.10
MinimumVisualStudioVersion = 10.0.40219.1
Project("{FAE04EC0-301F-11D3-BF4B-00C04F79EFBC}") = "LanguageIntegratedQuery", "LanguageIntegratedQuery\LanguageIntegratedQuery.csproj", "{16852D93-9AF8-4669-A61F-F2C9A588DC24}"
EndProject
Project("{FAE04EC0-301F-11D3-BF4B-00C04F79EFBC}") = "Linq.Tests", "Linq.Tests\Linq.Tests.csproj", "{D7A00BE3-4FCC-460C-80A8-8B1D9D25A6C2}"
EndProject
Global
	GlobalSection(SolutionConfigurationPlatforms) = preSolution
		Debug|Any CPU = Debug|Any CPU
		Release|Any CPU = Release|Any CPU
	EndGlobalSection
	GlobalSection(ProjectConfigurationPlatforms) = postSolution
		{16852D93-9AF8-4669-A61F-F2C9A588DC24}.Debug|Any CPU.ActiveCfg = Debug|Any CPU
		{16852D93-9AF8-4669-A61F-F2C9A588DC24}.Debug|Any CPU.Build.0 = Debug|Any CPU
		{16852D93-9AF8-4669-A61F-F2C9A588DC24}.Release|Any CPU.ActiveCfg = Release|Any CPU
		{16852D93-9AF8-4669-A61F-F2C9A588DC24}.Release|Any CPU.Build.0 = Release|Any CPU
		{D7A00BE3-4FCC-460C-80A8-8B1D9D25A6C2}.Debug|Any CPU.ActiveCfg = Debug|Any CPU
		{D7A00BE3-4FCC-460C-80A8-8B1D9D25A6C2}.Debug|Any CPU.Build.0 = Debug|Any CPU
		{D7A00BE3-4FCC-460C-80A8-8B1D9D25A6C2}.Release|Any CPU.ActiveCfg = Release|Any CPU
		{D7A00BE3-4FCC-460C-80A8-8B1D9D25A6C2}.Release|Any CPU.Build.0 = Release|Any CPU
	EndGlobalSection
	GlobalSection(SolutionProperties) = preSolution
		HideSolutionNode = FALSE
	EndGlobalSection
EndGlobal
