
Microsoft Visual Studio Solution File, Format Version 12.00
# Visual Studio 15
VisualStudioVersion = 15.0.26228.10
MinimumVisualStudioVersion = 10.0.40219.1
Project("{FAE04EC0-301F-11D3-BF4B-00C04F79EFBC}") = "ReflectionExamples", "ReflectionExamples\ReflectionExamples.csproj", "{F6CDEBBC-4BBD-46FA-BB67-A4C95D278E8B}"
EndProject
Project("{FAE04EC0-301F-11D3-BF4B-00C04F79EFBC}") = "AssemblyExample", "AssemblyExample\AssemblyExample.csproj", "{DD320285-A113-4003-ACA4-255CA378E6AB}"
EndProject
Project("{FAE04EC0-301F-11D3-BF4B-00C04F79EFBC}") = "ModuleExample", "ModuleExample\ModuleExample.csproj", "{37507103-F4B3-4D4C-BB86-5810B85D5399}"
EndProject
Project("{FAE04EC0-301F-11D3-BF4B-00C04F79EFBC}") = "ConstructorInfoExample", "ConstructorInfoExample\ConstructorInfoExample.csproj", "{63E83353-1E4D-4EFC-B54E-71A7AD6E74D3}"
EndProject
Global
	GlobalSection(SolutionConfigurationPlatforms) = preSolution
		Debug|Any CPU = Debug|Any CPU
		Release|Any CPU = Release|Any CPU
	EndGlobalSection
	GlobalSection(ProjectConfigurationPlatforms) = postSolution
		{F6CDEBBC-4BBD-46FA-BB67-A4C95D278E8B}.Debug|Any CPU.ActiveCfg = Debug|Any CPU
		{F6CDEBBC-4BBD-46FA-BB67-A4C95D278E8B}.Debug|Any CPU.Build.0 = Debug|Any CPU
		{F6CDEBBC-4BBD-46FA-BB67-A4C95D278E8B}.Release|Any CPU.ActiveCfg = Release|Any CPU
		{F6CDEBBC-4BBD-46FA-BB67-A4C95D278E8B}.Release|Any CPU.Build.0 = Release|Any CPU
		{DD320285-A113-4003-ACA4-255CA378E6AB}.Debug|Any CPU.ActiveCfg = Debug|Any CPU
		{DD320285-A113-4003-ACA4-255CA378E6AB}.Debug|Any CPU.Build.0 = Debug|Any CPU
		{DD320285-A113-4003-ACA4-255CA378E6AB}.Release|Any CPU.ActiveCfg = Release|Any CPU
		{DD320285-A113-4003-ACA4-255CA378E6AB}.Release|Any CPU.Build.0 = Release|Any CPU
		{37507103-F4B3-4D4C-BB86-5810B85D5399}.Debug|Any CPU.ActiveCfg = Debug|Any CPU
		{37507103-F4B3-4D4C-BB86-5810B85D5399}.Debug|Any CPU.Build.0 = Debug|Any CPU
		{37507103-F4B3-4D4C-BB86-5810B85D5399}.Release|Any CPU.ActiveCfg = Release|Any CPU
		{37507103-F4B3-4D4C-BB86-5810B85D5399}.Release|Any CPU.Build.0 = Release|Any CPU
		{63E83353-1E4D-4EFC-B54E-71A7AD6E74D3}.Debug|Any CPU.ActiveCfg = Debug|Any CPU
		{63E83353-1E4D-4EFC-B54E-71A7AD6E74D3}.Debug|Any CPU.Build.0 = Debug|Any CPU
		{63E83353-1E4D-4EFC-B54E-71A7AD6E74D3}.Release|Any CPU.ActiveCfg = Release|Any CPU
		{63E83353-1E4D-4EFC-B54E-71A7AD6E74D3}.Release|Any CPU.Build.0 = Release|Any CPU
	EndGlobalSection
	GlobalSection(SolutionProperties) = preSolution
		HideSolutionNode = FALSE
	EndGlobalSection
EndGlobal
